// !$*UTF8*$!
{
	archiveVersion = 1;
	classes = {
	};
	objectVersion = 50;
	objects = {

/* Begin PBXBuildFile section */
		56ADBD896FA8012DBB99D44B /* Pods_ViPayTests.framework in Frameworks */ = {isa = PBXBuildFile; fileRef = 49F7C0FED67994A950BD538F /* Pods_ViPayTests.framework */; };
		A5E34890812E4B8211C37315 /* Pods_ViPay.framework in Frameworks */ = {isa = PBXBuildFile; fileRef = 0B3EEB2DADE436FF4AE5B1B2 /* Pods_ViPay.framework */; };
		DD0F8FE9210E5C7E0044E5EC /* ChatsTableViewController.swift in Sources */ = {isa = PBXBuildFile; fileRef = DD0F8FE7210E5C7E0044E5EC /* ChatsTableViewController.swift */; };
		DD0F8FEA210E5C7E0044E5EC /* ChatsTableViewCell.swift in Sources */ = {isa = PBXBuildFile; fileRef = DD0F8FE8210E5C7E0044E5EC /* ChatsTableViewCell.swift */; };
		DD0F8FEC210E64AB0044E5EC /* MyCartCollectionViewController.swift in Sources */ = {isa = PBXBuildFile; fileRef = DD0F8FEB210E64AB0044E5EC /* MyCartCollectionViewController.swift */; };
		DD0F8FEF210E65A30044E5EC /* MoreItemsTableViewCell.swift in Sources */ = {isa = PBXBuildFile; fileRef = DD0F8FED210E65A30044E5EC /* MoreItemsTableViewCell.swift */; };
		DD0F8FF0210E65A30044E5EC /* MoreItemsTableViewController.swift in Sources */ = {isa = PBXBuildFile; fileRef = DD0F8FEE210E65A30044E5EC /* MoreItemsTableViewController.swift */; };
		DD0F8FF2210E65C10044E5EC /* ProfileHeaderView.swift in Sources */ = {isa = PBXBuildFile; fileRef = DD0F8FF1210E65C10044E5EC /* ProfileHeaderView.swift */; };
		DD0F8FF4210E6B360044E5EC /* HomeViewController.swift in Sources */ = {isa = PBXBuildFile; fileRef = DD0F8FF3210E6B360044E5EC /* HomeViewController.swift */; };
		DD0F8FF6210E6BC60044E5EC /* BaseUIView.swift in Sources */ = {isa = PBXBuildFile; fileRef = DD0F8FF5210E6BC60044E5EC /* BaseUIView.swift */; };
		DD2004412115DEC800DB542C /* LikesProfileContainerView.swift in Sources */ = {isa = PBXBuildFile; fileRef = DD2004402115DEC800DB542C /* LikesProfileContainerView.swift */; };
		DD2004432115DFBD00DB542C /* LikesProfileCollectionViewCell.swift in Sources */ = {isa = PBXBuildFile; fileRef = DD2004422115DFBD00DB542C /* LikesProfileCollectionViewCell.swift */; };
		DD2004452115EC8500DB542C /* MyPostsCollectionViewController.swift in Sources */ = {isa = PBXBuildFile; fileRef = DD2004442115EC8500DB542C /* MyPostsCollectionViewController.swift */; };
		DD2004472115EEEA00DB542C /* MyPostsCollectionReusableView.swift in Sources */ = {isa = PBXBuildFile; fileRef = DD2004462115EEEA00DB542C /* MyPostsCollectionReusableView.swift */; };
		DD40FE2C210E4DFF00F5BACE /* AppDelegate.swift in Sources */ = {isa = PBXBuildFile; fileRef = DD40FE2B210E4DFF00F5BACE /* AppDelegate.swift */; };
		DD40FE2E210E4DFF00F5BACE /* ViewController.swift in Sources */ = {isa = PBXBuildFile; fileRef = DD40FE2D210E4DFF00F5BACE /* ViewController.swift */; };
		DD40FE34210E4DFF00F5BACE /* ViPay.xcdatamodeld in Sources */ = {isa = PBXBuildFile; fileRef = DD40FE32210E4DFF00F5BACE /* ViPay.xcdatamodeld */; };
		DD40FE36210E4E0000F5BACE /* Assets.xcassets in Resources */ = {isa = PBXBuildFile; fileRef = DD40FE35210E4E0000F5BACE /* Assets.xcassets */; };
		DD40FE39210E4E0000F5BACE /* LaunchScreen.storyboard in Resources */ = {isa = PBXBuildFile; fileRef = DD40FE37210E4E0000F5BACE /* LaunchScreen.storyboard */; };
		DD40FE44210E4E0000F5BACE /* ViPayTests.swift in Sources */ = {isa = PBXBuildFile; fileRef = DD40FE43210E4E0000F5BACE /* ViPayTests.swift */; };
		DD40FE4F210E4E0000F5BACE /* ViPayUITests.swift in Sources */ = {isa = PBXBuildFile; fileRef = DD40FE4E210E4E0000F5BACE /* ViPayUITests.swift */; };
		DD5C017021291E120037B601 /* FoodCollectionViewCell.swift in Sources */ = {isa = PBXBuildFile; fileRef = DD5C016F21291E120037B601 /* FoodCollectionViewCell.swift */; };
		DD5C017221291E390037B601 /* FoodCollectionReusableView.swift in Sources */ = {isa = PBXBuildFile; fileRef = DD5C017121291E390037B601 /* FoodCollectionReusableView.swift */; };
		DD5C01752129263D0037B601 /* FoodKindDetailsCollectionViewController.swift in Sources */ = {isa = PBXBuildFile; fileRef = DD5C01732129263D0037B601 /* FoodKindDetailsCollectionViewController.swift */; };
		DD5C01762129263D0037B601 /* FoodKindDetailsCollectionViewCell.swift in Sources */ = {isa = PBXBuildFile; fileRef = DD5C01742129263D0037B601 /* FoodKindDetailsCollectionViewCell.swift */; };
		DD5C017821292A710037B601 /* Food.swift in Sources */ = {isa = PBXBuildFile; fileRef = DD5C017721292A710037B601 /* Food.swift */; };
		DD8CBA2C212F4E8600F2B0A9 /* Network.swift in Sources */ = {isa = PBXBuildFile; fileRef = DD8CBA2B212F4E8600F2B0A9 /* Network.swift */; };
		DD8CBA2E212F53E100F2B0A9 /* RecentFoodItemsContainerView.swift in Sources */ = {isa = PBXBuildFile; fileRef = DD8CBA2D212F53E100F2B0A9 /* RecentFoodItemsContainerView.swift */; };
		DD8CBA30212F580500F2B0A9 /* ConfirmOrderViewController.swift in Sources */ = {isa = PBXBuildFile; fileRef = DD8CBA2F212F580500F2B0A9 /* ConfirmOrderViewController.swift */; };
		DD8CBA32212F5EB900F2B0A9 /* ConfirmOrderCollectionReusableView.swift in Sources */ = {isa = PBXBuildFile; fileRef = DD8CBA31212F5EB900F2B0A9 /* ConfirmOrderCollectionReusableView.swift */; };
		DD8CBA34212F644900F2B0A9 /* QRCodeBeepSound.mp3 in Resources */ = {isa = PBXBuildFile; fileRef = DD8CBA33212F644900F2B0A9 /* QRCodeBeepSound.mp3 */; };
		DD8CBA36212F65A600F2B0A9 /* MyConstraints.swift in Sources */ = {isa = PBXBuildFile; fileRef = DD8CBA35212F65A600F2B0A9 /* MyConstraints.swift */; };
		DD9D16BC2120A3DF0077DE47 /* ChatLogsCollectionViewController.swift in Sources */ = {isa = PBXBuildFile; fileRef = DD9D16BB2120A3DF0077DE47 /* ChatLogsCollectionViewController.swift */; };
		DD9D16BE2120A4270077DE47 /* ChatLogsCollectionViewCell.swift in Sources */ = {isa = PBXBuildFile; fileRef = DD9D16BD2120A4270077DE47 /* ChatLogsCollectionViewCell.swift */; };
		DD9D16C02120AB710077DE47 /* ShoppingViewController.swift in Sources */ = {isa = PBXBuildFile; fileRef = DD9D16BF2120AB710077DE47 /* ShoppingViewController.swift */; };
		DD9D16C22120B2870077DE47 /* ShoppingHeaderCollectionReusableView.swift in Sources */ = {isa = PBXBuildFile; fileRef = DD9D16C12120B2870077DE47 /* ShoppingHeaderCollectionReusableView.swift */; };
		DD9D16C42120B3820077DE47 /* ShoppingCollectionViewCell.swift in Sources */ = {isa = PBXBuildFile; fileRef = DD9D16C32120B3820077DE47 /* ShoppingCollectionViewCell.swift */; };
		DDA1DDD82110B95F004324B3 /* BaseImageView.swift in Sources */ = {isa = PBXBuildFile; fileRef = DDA1DDD72110B95F004324B3 /* BaseImageView.swift */; };
		DDA1DDDA2110BC8E004324B3 /* HomeHeaderCollectionReusableView.swift in Sources */ = {isa = PBXBuildFile; fileRef = DDA1DDD92110BC8E004324B3 /* HomeHeaderCollectionReusableView.swift */; };
		DDA1DDDC2110CA73004324B3 /* BaseLabel.swift in Sources */ = {isa = PBXBuildFile; fileRef = DDA1DDDB2110CA73004324B3 /* BaseLabel.swift */; };
		DDA9AA1321136019002F895D /* Extensions.swift in Sources */ = {isa = PBXBuildFile; fileRef = DDA9AA1221136019002F895D /* Extensions.swift */; };
		DDA9AA1521136A88002F895D /* HomeCollectionViewCell.swift in Sources */ = {isa = PBXBuildFile; fileRef = DDA9AA1421136A88002F895D /* HomeCollectionViewCell.swift */; };
		DDA9AA17211371FC002F895D /* MyQRCodeViewController.swift in Sources */ = {isa = PBXBuildFile; fileRef = DDA9AA16211371FC002F895D /* MyQRCodeViewController.swift */; };
		DDC9322C212900F30091EE96 /* CodeScan.bundle in Resources */ = {isa = PBXBuildFile; fileRef = DDC9322B212900F30091EE96 /* CodeScan.bundle */; };
		DDC93234212901030091EE96 /* LBXScanLineAnimation.swift in Sources */ = {isa = PBXBuildFile; fileRef = DDC9322D212901020091EE96 /* LBXScanLineAnimation.swift */; };
		DDC93235212901030091EE96 /* LBXPermissions.swift in Sources */ = {isa = PBXBuildFile; fileRef = DDC9322E212901020091EE96 /* LBXPermissions.swift */; };
		DDC93236212901030091EE96 /* LBXScanViewStyle.swift in Sources */ = {isa = PBXBuildFile; fileRef = DDC9322F212901020091EE96 /* LBXScanViewStyle.swift */; };
		DDC93237212901030091EE96 /* LBXScanView.swift in Sources */ = {isa = PBXBuildFile; fileRef = DDC93230212901020091EE96 /* LBXScanView.swift */; };
		DDC93238212901030091EE96 /* LBXScanViewController.swift in Sources */ = {isa = PBXBuildFile; fileRef = DDC93231212901020091EE96 /* LBXScanViewController.swift */; };
		DDC93239212901030091EE96 /* LBXScanWrapper.swift in Sources */ = {isa = PBXBuildFile; fileRef = DDC93232212901030091EE96 /* LBXScanWrapper.swift */; };
		DDC9323A212901030091EE96 /* LBXScanNetAnimation.swift in Sources */ = {isa = PBXBuildFile; fileRef = DDC93233212901030091EE96 /* LBXScanNetAnimation.swift */; };
		DDC9323C21290A000091EE96 /* FoodViewController.swift in Sources */ = {isa = PBXBuildFile; fileRef = DDC9323B21290A000091EE96 /* FoodViewController.swift */; };
		DDCE37B72121D592007ECF56 /* MarketingPreviewContainerView.swift in Sources */ = {isa = PBXBuildFile; fileRef = DDCE37B62121D592007ECF56 /* MarketingPreviewContainerView.swift */; };
		DDCE37B92121D5B9007ECF56 /* MarketIndicatorContainerView.swift in Sources */ = {isa = PBXBuildFile; fileRef = DDCE37B82121D5B9007ECF56 /* MarketIndicatorContainerView.swift */; };
		DDCE37BB2121D5F7007ECF56 /* MarketPreviewCollectionViewCell.swift in Sources */ = {isa = PBXBuildFile; fileRef = DDCE37BA2121D5F7007ECF56 /* MarketPreviewCollectionViewCell.swift */; };
		DDCE37BD2121D6D9007ECF56 /* IndicatorCellCollectionViewCell.swift in Sources */ = {isa = PBXBuildFile; fileRef = DDCE37BC2121D6D9007ECF56 /* IndicatorCellCollectionViewCell.swift */; };
		DDCF47E6212E32E000F0D5B9 /* FoodDetailsCollectionReusableView.swift in Sources */ = {isa = PBXBuildFile; fileRef = DDCF47E5212E32E000F0D5B9 /* FoodDetailsCollectionReusableView.swift */; };
		DDE544A9210E505900A27615 /* OpenSans-Bold.ttf in Resources */ = {isa = PBXBuildFile; fileRef = DDE5449E210E4FFC00A27615 /* OpenSans-Bold.ttf */; };
		DDE544AA210E505C00A27615 /* OpenSans-BoldItalic.ttf in Resources */ = {isa = PBXBuildFile; fileRef = DDE544A7210E4FFE00A27615 /* OpenSans-BoldItalic.ttf */; };
		DDE544AB210E505F00A27615 /* OpenSans-ExtraBold.ttf in Resources */ = {isa = PBXBuildFile; fileRef = DDE544A6210E4FFE00A27615 /* OpenSans-ExtraBold.ttf */; };
		DDE544AC210E506200A27615 /* OpenSans-ExtraBoldItalic.ttf in Resources */ = {isa = PBXBuildFile; fileRef = DDE5449F210E4FFD00A27615 /* OpenSans-ExtraBoldItalic.ttf */; };
		DDE544AD210E506400A27615 /* OpenSans-Italic.ttf in Resources */ = {isa = PBXBuildFile; fileRef = DDE544A0210E4FFD00A27615 /* OpenSans-Italic.ttf */; };
		DDE544AE210E506800A27615 /* OpenSans-Light.ttf in Resources */ = {isa = PBXBuildFile; fileRef = DDE544A3210E4FFD00A27615 /* OpenSans-Light.ttf */; };
		DDE544AF210E506B00A27615 /* OpenSans-LightItalic.ttf in Resources */ = {isa = PBXBuildFile; fileRef = DDE544A1210E4FFD00A27615 /* OpenSans-LightItalic.ttf */; };
		DDE544B0210E506E00A27615 /* OpenSans-Regular.ttf in Resources */ = {isa = PBXBuildFile; fileRef = DDE544A4210E4FFE00A27615 /* OpenSans-Regular.ttf */; };
		DDE544B1210E507100A27615 /* OpenSans-SemiBold.ttf in Resources */ = {isa = PBXBuildFile; fileRef = DDE544A2210E4FFD00A27615 /* OpenSans-SemiBold.ttf */; };
		DDE544B2210E507500A27615 /* OpenSans-SemiBoldItalic.ttf in Resources */ = {isa = PBXBuildFile; fileRef = DDE544A5210E4FFE00A27615 /* OpenSans-SemiBoldItalic.ttf */; };
		DDE544B4210E522D00A27615 /* CustomAlertsView.swift in Sources */ = {isa = PBXBuildFile; fileRef = DDE544B3210E522D00A27615 /* CustomAlertsView.swift */; };
		DDE544B6210E523A00A27615 /* FontNames.swift in Sources */ = {isa = PBXBuildFile; fileRef = DDE544B5210E523A00A27615 /* FontNames.swift */; };
		DDE544B8210E524200A27615 /* Alerts.swift in Sources */ = {isa = PBXBuildFile; fileRef = DDE544B7210E524200A27615 /* Alerts.swift */; };
		DDE544BA210E524B00A27615 /* DarkOverLay.swift in Sources */ = {isa = PBXBuildFile; fileRef = DDE544B9210E524B00A27615 /* DarkOverLay.swift */; };
		DDE544BC210E525B00A27615 /* Colors.swift in Sources */ = {isa = PBXBuildFile; fileRef = DDE544BB210E525A00A27615 /* Colors.swift */; };
		DDE544BE210E526200A27615 /* RGB.swift in Sources */ = {isa = PBXBuildFile; fileRef = DDE544BD210E526200A27615 /* RGB.swift */; };
		DDE544C2210E528E00A27615 /* QRCodeBeepSound.mp3 in Resources */ = {isa = PBXBuildFile; fileRef = DDE544C1210E528D00A27615 /* QRCodeBeepSound.mp3 */; };
		DDE544C4210E52AC00A27615 /* DateHelper.swift in Sources */ = {isa = PBXBuildFile; fileRef = DDE544C3210E52AC00A27615 /* DateHelper.swift */; };
		DDE544CA210E52D000A27615 /* DeviceUtils.swift in Sources */ = {isa = PBXBuildFile; fileRef = DDE544C7210E52D000A27615 /* DeviceUtils.swift */; };
		DDE544CC210E56D700A27615 /* CustomTabBarController.swift in Sources */ = {isa = PBXBuildFile; fileRef = DDE544CB210E56D700A27615 /* CustomTabBarController.swift */; };
		ED4927A5437290D1898E0141 /* Pods_ViPayUITests.framework in Frameworks */ = {isa = PBXBuildFile; fileRef = A3F8AB4E40DFA22CA2302D23 /* Pods_ViPayUITests.framework */; };
/* End PBXBuildFile section */

/* Begin PBXContainerItemProxy section */
		DD40FE40210E4E0000F5BACE /* PBXContainerItemProxy */ = {
			isa = PBXContainerItemProxy;
			containerPortal = DD40FE20210E4DFF00F5BACE /* Project object */;
			proxyType = 1;
			remoteGlobalIDString = DD40FE27210E4DFF00F5BACE;
			remoteInfo = ViPay;
		};
		DD40FE4B210E4E0000F5BACE /* PBXContainerItemProxy */ = {
			isa = PBXContainerItemProxy;
			containerPortal = DD40FE20210E4DFF00F5BACE /* Project object */;
			proxyType = 1;
			remoteGlobalIDString = DD40FE27210E4DFF00F5BACE;
			remoteInfo = ViPay;
		};
/* End PBXContainerItemProxy section */

/* Begin PBXFileReference section */
		0B3EEB2DADE436FF4AE5B1B2 /* Pods_ViPay.framework */ = {isa = PBXFileReference; explicitFileType = wrapper.framework; includeInIndex = 0; path = Pods_ViPay.framework; sourceTree = BUILT_PRODUCTS_DIR; };
		0F88E7CA2FFD3818B3E74AAC /* Pods-ViPay.debug.xcconfig */ = {isa = PBXFileReference; includeInIndex = 1; lastKnownFileType = text.xcconfig; name = "Pods-ViPay.debug.xcconfig"; path = "Pods/Target Support Files/Pods-ViPay/Pods-ViPay.debug.xcconfig"; sourceTree = "<group>"; };
		12F84CC195DD15907EF40581 /* Pods-ViPayUITests.release.xcconfig */ = {isa = PBXFileReference; includeInIndex = 1; lastKnownFileType = text.xcconfig; name = "Pods-ViPayUITests.release.xcconfig"; path = "Pods/Target Support Files/Pods-ViPayUITests/Pods-ViPayUITests.release.xcconfig"; sourceTree = "<group>"; };
		3245BBAB9DCB548964C910CD /* Pods-ViPayTests.debug.xcconfig */ = {isa = PBXFileReference; includeInIndex = 1; lastKnownFileType = text.xcconfig; name = "Pods-ViPayTests.debug.xcconfig"; path = "Pods/Target Support Files/Pods-ViPayTests/Pods-ViPayTests.debug.xcconfig"; sourceTree = "<group>"; };
		49F7C0FED67994A950BD538F /* Pods_ViPayTests.framework */ = {isa = PBXFileReference; explicitFileType = wrapper.framework; includeInIndex = 0; path = Pods_ViPayTests.framework; sourceTree = BUILT_PRODUCTS_DIR; };
		73F08AB2598CF3F0786C3423 /* Pods-ViPayTests.release.xcconfig */ = {isa = PBXFileReference; includeInIndex = 1; lastKnownFileType = text.xcconfig; name = "Pods-ViPayTests.release.xcconfig"; path = "Pods/Target Support Files/Pods-ViPayTests/Pods-ViPayTests.release.xcconfig"; sourceTree = "<group>"; };
		95EAA8015181E7AC0AA48391 /* Pods-ViPayUITests.debug.xcconfig */ = {isa = PBXFileReference; includeInIndex = 1; lastKnownFileType = text.xcconfig; name = "Pods-ViPayUITests.debug.xcconfig"; path = "Pods/Target Support Files/Pods-ViPayUITests/Pods-ViPayUITests.debug.xcconfig"; sourceTree = "<group>"; };
		A3F8AB4E40DFA22CA2302D23 /* Pods_ViPayUITests.framework */ = {isa = PBXFileReference; explicitFileType = wrapper.framework; includeInIndex = 0; path = Pods_ViPayUITests.framework; sourceTree = BUILT_PRODUCTS_DIR; };
		DD0F8FE7210E5C7E0044E5EC /* ChatsTableViewController.swift */ = {isa = PBXFileReference; fileEncoding = 4; lastKnownFileType = sourcecode.swift; path = ChatsTableViewController.swift; sourceTree = "<group>"; };
		DD0F8FE8210E5C7E0044E5EC /* ChatsTableViewCell.swift */ = {isa = PBXFileReference; fileEncoding = 4; lastKnownFileType = sourcecode.swift; path = ChatsTableViewCell.swift; sourceTree = "<group>"; };
		DD0F8FEB210E64AB0044E5EC /* MyCartCollectionViewController.swift */ = {isa = PBXFileReference; lastKnownFileType = sourcecode.swift; path = MyCartCollectionViewController.swift; sourceTree = "<group>"; };
		DD0F8FED210E65A30044E5EC /* MoreItemsTableViewCell.swift */ = {isa = PBXFileReference; fileEncoding = 4; lastKnownFileType = sourcecode.swift; path = MoreItemsTableViewCell.swift; sourceTree = "<group>"; };
		DD0F8FEE210E65A30044E5EC /* MoreItemsTableViewController.swift */ = {isa = PBXFileReference; fileEncoding = 4; lastKnownFileType = sourcecode.swift; path = MoreItemsTableViewController.swift; sourceTree = "<group>"; };
		DD0F8FF1210E65C10044E5EC /* ProfileHeaderView.swift */ = {isa = PBXFileReference; fileEncoding = 4; lastKnownFileType = sourcecode.swift; path = ProfileHeaderView.swift; sourceTree = "<group>"; };
		DD0F8FF3210E6B360044E5EC /* HomeViewController.swift */ = {isa = PBXFileReference; lastKnownFileType = sourcecode.swift; path = HomeViewController.swift; sourceTree = "<group>"; };
		DD0F8FF5210E6BC60044E5EC /* BaseUIView.swift */ = {isa = PBXFileReference; lastKnownFileType = sourcecode.swift; path = BaseUIView.swift; sourceTree = "<group>"; };
		DD2004402115DEC800DB542C /* LikesProfileContainerView.swift */ = {isa = PBXFileReference; lastKnownFileType = sourcecode.swift; path = LikesProfileContainerView.swift; sourceTree = "<group>"; };
		DD2004422115DFBD00DB542C /* LikesProfileCollectionViewCell.swift */ = {isa = PBXFileReference; lastKnownFileType = sourcecode.swift; path = LikesProfileCollectionViewCell.swift; sourceTree = "<group>"; };
		DD2004442115EC8500DB542C /* MyPostsCollectionViewController.swift */ = {isa = PBXFileReference; lastKnownFileType = sourcecode.swift; path = MyPostsCollectionViewController.swift; sourceTree = "<group>"; };
		DD2004462115EEEA00DB542C /* MyPostsCollectionReusableView.swift */ = {isa = PBXFileReference; lastKnownFileType = sourcecode.swift; path = MyPostsCollectionReusableView.swift; sourceTree = "<group>"; };
		DD40FE28210E4DFF00F5BACE /* ViPay.app */ = {isa = PBXFileReference; explicitFileType = wrapper.application; includeInIndex = 0; path = ViPay.app; sourceTree = BUILT_PRODUCTS_DIR; };
		DD40FE2B210E4DFF00F5BACE /* AppDelegate.swift */ = {isa = PBXFileReference; lastKnownFileType = sourcecode.swift; path = AppDelegate.swift; sourceTree = "<group>"; };
		DD40FE2D210E4DFF00F5BACE /* ViewController.swift */ = {isa = PBXFileReference; lastKnownFileType = sourcecode.swift; path = ViewController.swift; sourceTree = "<group>"; };
		DD40FE33210E4DFF00F5BACE /* ViPay.xcdatamodel */ = {isa = PBXFileReference; lastKnownFileType = wrapper.xcdatamodel; path = ViPay.xcdatamodel; sourceTree = "<group>"; };
		DD40FE35210E4E0000F5BACE /* Assets.xcassets */ = {isa = PBXFileReference; lastKnownFileType = folder.assetcatalog; path = Assets.xcassets; sourceTree = "<group>"; };
		DD40FE38210E4E0000F5BACE /* Base */ = {isa = PBXFileReference; lastKnownFileType = file.storyboard; name = Base; path = Base.lproj/LaunchScreen.storyboard; sourceTree = "<group>"; };
		DD40FE3A210E4E0000F5BACE /* Info.plist */ = {isa = PBXFileReference; lastKnownFileType = text.plist.xml; path = Info.plist; sourceTree = "<group>"; };
		DD40FE3F210E4E0000F5BACE /* ViPayTests.xctest */ = {isa = PBXFileReference; explicitFileType = wrapper.cfbundle; includeInIndex = 0; path = ViPayTests.xctest; sourceTree = BUILT_PRODUCTS_DIR; };
		DD40FE43210E4E0000F5BACE /* ViPayTests.swift */ = {isa = PBXFileReference; lastKnownFileType = sourcecode.swift; path = ViPayTests.swift; sourceTree = "<group>"; };
		DD40FE45210E4E0000F5BACE /* Info.plist */ = {isa = PBXFileReference; lastKnownFileType = text.plist.xml; path = Info.plist; sourceTree = "<group>"; };
		DD40FE4A210E4E0000F5BACE /* ViPayUITests.xctest */ = {isa = PBXFileReference; explicitFileType = wrapper.cfbundle; includeInIndex = 0; path = ViPayUITests.xctest; sourceTree = BUILT_PRODUCTS_DIR; };
		DD40FE4E210E4E0000F5BACE /* ViPayUITests.swift */ = {isa = PBXFileReference; lastKnownFileType = sourcecode.swift; path = ViPayUITests.swift; sourceTree = "<group>"; };
		DD40FE50210E4E0000F5BACE /* Info.plist */ = {isa = PBXFileReference; lastKnownFileType = text.plist.xml; path = Info.plist; sourceTree = "<group>"; };
		DD5C016F21291E120037B601 /* FoodCollectionViewCell.swift */ = {isa = PBXFileReference; lastKnownFileType = sourcecode.swift; path = FoodCollectionViewCell.swift; sourceTree = "<group>"; };
		DD5C017121291E390037B601 /* FoodCollectionReusableView.swift */ = {isa = PBXFileReference; lastKnownFileType = sourcecode.swift; path = FoodCollectionReusableView.swift; sourceTree = "<group>"; };
		DD5C01732129263D0037B601 /* FoodKindDetailsCollectionViewController.swift */ = {isa = PBXFileReference; fileEncoding = 4; lastKnownFileType = sourcecode.swift; path = FoodKindDetailsCollectionViewController.swift; sourceTree = "<group>"; };
		DD5C01742129263D0037B601 /* FoodKindDetailsCollectionViewCell.swift */ = {isa = PBXFileReference; fileEncoding = 4; lastKnownFileType = sourcecode.swift; path = FoodKindDetailsCollectionViewCell.swift; sourceTree = "<group>"; };
		DD5C017721292A710037B601 /* Food.swift */ = {isa = PBXFileReference; fileEncoding = 4; lastKnownFileType = sourcecode.swift; path = Food.swift; sourceTree = "<group>"; };
		DD8CBA2B212F4E8600F2B0A9 /* Network.swift */ = {isa = PBXFileReference; lastKnownFileType = sourcecode.swift; path = Network.swift; sourceTree = "<group>"; };
		DD8CBA2D212F53E100F2B0A9 /* RecentFoodItemsContainerView.swift */ = {isa = PBXFileReference; lastKnownFileType = sourcecode.swift; path = RecentFoodItemsContainerView.swift; sourceTree = "<group>"; };
		DD8CBA2F212F580500F2B0A9 /* ConfirmOrderViewController.swift */ = {isa = PBXFileReference; lastKnownFileType = sourcecode.swift; path = ConfirmOrderViewController.swift; sourceTree = "<group>"; };
		DD8CBA31212F5EB900F2B0A9 /* ConfirmOrderCollectionReusableView.swift */ = {isa = PBXFileReference; lastKnownFileType = sourcecode.swift; path = ConfirmOrderCollectionReusableView.swift; sourceTree = "<group>"; };
		DD8CBA33212F644900F2B0A9 /* QRCodeBeepSound.mp3 */ = {isa = PBXFileReference; lastKnownFileType = audio.mp3; name = QRCodeBeepSound.mp3; path = "../../../Cryptowallet-iOS/cryptowallet/Wallet/ScanQRCodeSound/QRCodeBeepSound.mp3"; sourceTree = "<group>"; };
		DD8CBA35212F65A600F2B0A9 /* MyConstraints.swift */ = {isa = PBXFileReference; lastKnownFileType = sourcecode.swift; path = MyConstraints.swift; sourceTree = "<group>"; };
		DD9D16BB2120A3DF0077DE47 /* ChatLogsCollectionViewController.swift */ = {isa = PBXFileReference; lastKnownFileType = sourcecode.swift; path = ChatLogsCollectionViewController.swift; sourceTree = "<group>"; };
		DD9D16BD2120A4270077DE47 /* ChatLogsCollectionViewCell.swift */ = {isa = PBXFileReference; lastKnownFileType = sourcecode.swift; path = ChatLogsCollectionViewCell.swift; sourceTree = "<group>"; };
		DD9D16BF2120AB710077DE47 /* ShoppingViewController.swift */ = {isa = PBXFileReference; lastKnownFileType = sourcecode.swift; path = ShoppingViewController.swift; sourceTree = "<group>"; };
		DD9D16C12120B2870077DE47 /* ShoppingHeaderCollectionReusableView.swift */ = {isa = PBXFileReference; lastKnownFileType = sourcecode.swift; path = ShoppingHeaderCollectionReusableView.swift; sourceTree = "<group>"; };
		DD9D16C32120B3820077DE47 /* ShoppingCollectionViewCell.swift */ = {isa = PBXFileReference; fileEncoding = 4; lastKnownFileType = sourcecode.swift; path = ShoppingCollectionViewCell.swift; sourceTree = "<group>"; };
		DDA1DDD72110B95F004324B3 /* BaseImageView.swift */ = {isa = PBXFileReference; lastKnownFileType = sourcecode.swift; path = BaseImageView.swift; sourceTree = "<group>"; };
		DDA1DDD92110BC8E004324B3 /* HomeHeaderCollectionReusableView.swift */ = {isa = PBXFileReference; lastKnownFileType = sourcecode.swift; path = HomeHeaderCollectionReusableView.swift; sourceTree = "<group>"; };
		DDA1DDDB2110CA73004324B3 /* BaseLabel.swift */ = {isa = PBXFileReference; lastKnownFileType = sourcecode.swift; path = BaseLabel.swift; sourceTree = "<group>"; };
		DDA9AA1221136019002F895D /* Extensions.swift */ = {isa = PBXFileReference; fileEncoding = 4; lastKnownFileType = sourcecode.swift; path = Extensions.swift; sourceTree = "<group>"; };
		DDA9AA1421136A88002F895D /* HomeCollectionViewCell.swift */ = {isa = PBXFileReference; lastKnownFileType = sourcecode.swift; path = HomeCollectionViewCell.swift; sourceTree = "<group>"; };
		DDA9AA16211371FC002F895D /* MyQRCodeViewController.swift */ = {isa = PBXFileReference; fileEncoding = 4; lastKnownFileType = sourcecode.swift; path = MyQRCodeViewController.swift; sourceTree = "<group>"; };
		DDC9322B212900F30091EE96 /* CodeScan.bundle */ = {isa = PBXFileReference; lastKnownFileType = "wrapper.plug-in"; path = CodeScan.bundle; sourceTree = "<group>"; };
		DDC9322D212901020091EE96 /* LBXScanLineAnimation.swift */ = {isa = PBXFileReference; fileEncoding = 4; lastKnownFileType = sourcecode.swift; path = LBXScanLineAnimation.swift; sourceTree = "<group>"; };
		DDC9322E212901020091EE96 /* LBXPermissions.swift */ = {isa = PBXFileReference; fileEncoding = 4; lastKnownFileType = sourcecode.swift; path = LBXPermissions.swift; sourceTree = "<group>"; };
		DDC9322F212901020091EE96 /* LBXScanViewStyle.swift */ = {isa = PBXFileReference; fileEncoding = 4; lastKnownFileType = sourcecode.swift; path = LBXScanViewStyle.swift; sourceTree = "<group>"; };
		DDC93230212901020091EE96 /* LBXScanView.swift */ = {isa = PBXFileReference; fileEncoding = 4; lastKnownFileType = sourcecode.swift; path = LBXScanView.swift; sourceTree = "<group>"; };
		DDC93231212901020091EE96 /* LBXScanViewController.swift */ = {isa = PBXFileReference; fileEncoding = 4; lastKnownFileType = sourcecode.swift; path = LBXScanViewController.swift; sourceTree = "<group>"; };
		DDC93232212901030091EE96 /* LBXScanWrapper.swift */ = {isa = PBXFileReference; fileEncoding = 4; lastKnownFileType = sourcecode.swift; path = LBXScanWrapper.swift; sourceTree = "<group>"; };
		DDC93233212901030091EE96 /* LBXScanNetAnimation.swift */ = {isa = PBXFileReference; fileEncoding = 4; lastKnownFileType = sourcecode.swift; path = LBXScanNetAnimation.swift; sourceTree = "<group>"; };
		DDC9323B21290A000091EE96 /* FoodViewController.swift */ = {isa = PBXFileReference; lastKnownFileType = sourcecode.swift; path = FoodViewController.swift; sourceTree = "<group>"; };
		DDCE37B62121D592007ECF56 /* MarketingPreviewContainerView.swift */ = {isa = PBXFileReference; fileEncoding = 4; lastKnownFileType = sourcecode.swift; path = MarketingPreviewContainerView.swift; sourceTree = "<group>"; };
		DDCE37B82121D5B9007ECF56 /* MarketIndicatorContainerView.swift */ = {isa = PBXFileReference; fileEncoding = 4; lastKnownFileType = sourcecode.swift; path = MarketIndicatorContainerView.swift; sourceTree = "<group>"; };
		DDCE37BA2121D5F7007ECF56 /* MarketPreviewCollectionViewCell.swift */ = {isa = PBXFileReference; fileEncoding = 4; lastKnownFileType = sourcecode.swift; path = MarketPreviewCollectionViewCell.swift; sourceTree = "<group>"; };
		DDCE37BC2121D6D9007ECF56 /* IndicatorCellCollectionViewCell.swift */ = {isa = PBXFileReference; fileEncoding = 4; lastKnownFileType = sourcecode.swift; path = IndicatorCellCollectionViewCell.swift; sourceTree = "<group>"; };
		DDCF47E5212E32E000F0D5B9 /* FoodDetailsCollectionReusableView.swift */ = {isa = PBXFileReference; lastKnownFileType = sourcecode.swift; path = FoodDetailsCollectionReusableView.swift; sourceTree = "<group>"; };
		DDE5449E210E4FFC00A27615 /* OpenSans-Bold.ttf */ = {isa = PBXFileReference; lastKnownFileType = file; path = "OpenSans-Bold.ttf"; sourceTree = "<group>"; };
		DDE5449F210E4FFD00A27615 /* OpenSans-ExtraBoldItalic.ttf */ = {isa = PBXFileReference; lastKnownFileType = file; path = "OpenSans-ExtraBoldItalic.ttf"; sourceTree = "<group>"; };
		DDE544A0210E4FFD00A27615 /* OpenSans-Italic.ttf */ = {isa = PBXFileReference; lastKnownFileType = file; path = "OpenSans-Italic.ttf"; sourceTree = "<group>"; };
		DDE544A1210E4FFD00A27615 /* OpenSans-LightItalic.ttf */ = {isa = PBXFileReference; lastKnownFileType = file; path = "OpenSans-LightItalic.ttf"; sourceTree = "<group>"; };
		DDE544A2210E4FFD00A27615 /* OpenSans-SemiBold.ttf */ = {isa = PBXFileReference; lastKnownFileType = file; path = "OpenSans-SemiBold.ttf"; sourceTree = "<group>"; };
		DDE544A3210E4FFD00A27615 /* OpenSans-Light.ttf */ = {isa = PBXFileReference; lastKnownFileType = file; path = "OpenSans-Light.ttf"; sourceTree = "<group>"; };
		DDE544A4210E4FFE00A27615 /* OpenSans-Regular.ttf */ = {isa = PBXFileReference; lastKnownFileType = file; path = "OpenSans-Regular.ttf"; sourceTree = "<group>"; };
		DDE544A5210E4FFE00A27615 /* OpenSans-SemiBoldItalic.ttf */ = {isa = PBXFileReference; lastKnownFileType = file; path = "OpenSans-SemiBoldItalic.ttf"; sourceTree = "<group>"; };
		DDE544A6210E4FFE00A27615 /* OpenSans-ExtraBold.ttf */ = {isa = PBXFileReference; lastKnownFileType = file; path = "OpenSans-ExtraBold.ttf"; sourceTree = "<group>"; };
		DDE544A7210E4FFE00A27615 /* OpenSans-BoldItalic.ttf */ = {isa = PBXFileReference; lastKnownFileType = file; path = "OpenSans-BoldItalic.ttf"; sourceTree = "<group>"; };
		DDE544B3210E522D00A27615 /* CustomAlertsView.swift */ = {isa = PBXFileReference; fileEncoding = 4; lastKnownFileType = sourcecode.swift; path = CustomAlertsView.swift; sourceTree = "<group>"; };
		DDE544B5210E523A00A27615 /* FontNames.swift */ = {isa = PBXFileReference; fileEncoding = 4; lastKnownFileType = sourcecode.swift; path = FontNames.swift; sourceTree = "<group>"; };
		DDE544B7210E524200A27615 /* Alerts.swift */ = {isa = PBXFileReference; fileEncoding = 4; lastKnownFileType = sourcecode.swift; path = Alerts.swift; sourceTree = "<group>"; };
		DDE544B9210E524B00A27615 /* DarkOverLay.swift */ = {isa = PBXFileReference; fileEncoding = 4; lastKnownFileType = sourcecode.swift; path = DarkOverLay.swift; sourceTree = "<group>"; };
		DDE544BB210E525A00A27615 /* Colors.swift */ = {isa = PBXFileReference; fileEncoding = 4; lastKnownFileType = sourcecode.swift; path = Colors.swift; sourceTree = "<group>"; };
		DDE544BD210E526200A27615 /* RGB.swift */ = {isa = PBXFileReference; fileEncoding = 4; lastKnownFileType = sourcecode.swift; path = RGB.swift; sourceTree = "<group>"; };
		DDE544C1210E528D00A27615 /* QRCodeBeepSound.mp3 */ = {isa = PBXFileReference; lastKnownFileType = audio.mp3; path = QRCodeBeepSound.mp3; sourceTree = "<group>"; };
		DDE544C3210E52AC00A27615 /* DateHelper.swift */ = {isa = PBXFileReference; fileEncoding = 4; lastKnownFileType = sourcecode.swift; path = DateHelper.swift; sourceTree = "<group>"; };
		DDE544C7210E52D000A27615 /* DeviceUtils.swift */ = {isa = PBXFileReference; fileEncoding = 4; lastKnownFileType = sourcecode.swift; path = DeviceUtils.swift; sourceTree = "<group>"; };
		DDE544CB210E56D700A27615 /* CustomTabBarController.swift */ = {isa = PBXFileReference; fileEncoding = 4; lastKnownFileType = sourcecode.swift; path = CustomTabBarController.swift; sourceTree = "<group>"; };
		EED56CB7E1E501772984718D /* Pods-ViPay.release.xcconfig */ = {isa = PBXFileReference; includeInIndex = 1; lastKnownFileType = text.xcconfig; name = "Pods-ViPay.release.xcconfig"; path = "Pods/Target Support Files/Pods-ViPay/Pods-ViPay.release.xcconfig"; sourceTree = "<group>"; };
/* End PBXFileReference section */

/* Begin PBXFrameworksBuildPhase section */
		DD40FE25210E4DFF00F5BACE /* Frameworks */ = {
			isa = PBXFrameworksBuildPhase;
			buildActionMask = 2147483647;
			files = (
				A5E34890812E4B8211C37315 /* Pods_ViPay.framework in Frameworks */,
			);
			runOnlyForDeploymentPostprocessing = 0;
		};
		DD40FE3C210E4E0000F5BACE /* Frameworks */ = {
			isa = PBXFrameworksBuildPhase;
			buildActionMask = 2147483647;
			files = (
				56ADBD896FA8012DBB99D44B /* Pods_ViPayTests.framework in Frameworks */,
			);
			runOnlyForDeploymentPostprocessing = 0;
		};
		DD40FE47210E4E0000F5BACE /* Frameworks */ = {
			isa = PBXFrameworksBuildPhase;
			buildActionMask = 2147483647;
			files = (
				ED4927A5437290D1898E0141 /* Pods_ViPayUITests.framework in Frameworks */,
			);
			runOnlyForDeploymentPostprocessing = 0;
		};
/* End PBXFrameworksBuildPhase section */

/* Begin PBXGroup section */
		4AAC7A1DB09350757046C4B3 /* Pods */ = {
			isa = PBXGroup;
			children = (
				0F88E7CA2FFD3818B3E74AAC /* Pods-ViPay.debug.xcconfig */,
				EED56CB7E1E501772984718D /* Pods-ViPay.release.xcconfig */,
				3245BBAB9DCB548964C910CD /* Pods-ViPayTests.debug.xcconfig */,
				73F08AB2598CF3F0786C3423 /* Pods-ViPayTests.release.xcconfig */,
				95EAA8015181E7AC0AA48391 /* Pods-ViPayUITests.debug.xcconfig */,
				12F84CC195DD15907EF40581 /* Pods-ViPayUITests.release.xcconfig */,
			);
			name = Pods;
			sourceTree = "<group>";
		};
		88673F2DFDDDB7A841F367C2 /* Frameworks */ = {
			isa = PBXGroup;
			children = (
				0B3EEB2DADE436FF4AE5B1B2 /* Pods_ViPay.framework */,
				49F7C0FED67994A950BD538F /* Pods_ViPayTests.framework */,
				A3F8AB4E40DFA22CA2302D23 /* Pods_ViPayUITests.framework */,
			);
			name = Frameworks;
			sourceTree = "<group>";
		};
		DD40FE1F210E4DFF00F5BACE = {
			isa = PBXGroup;
			children = (
				DD40FE2A210E4DFF00F5BACE /* ViPay */,
				DD40FE42210E4E0000F5BACE /* ViPayTests */,
				DD40FE4D210E4E0000F5BACE /* ViPayUITests */,
				DD40FE29210E4DFF00F5BACE /* Products */,
				4AAC7A1DB09350757046C4B3 /* Pods */,
				88673F2DFDDDB7A841F367C2 /* Frameworks */,
			);
			sourceTree = "<group>";
		};
		DD40FE29210E4DFF00F5BACE /* Products */ = {
			isa = PBXGroup;
			children = (
				DD40FE28210E4DFF00F5BACE /* ViPay.app */,
				DD40FE3F210E4E0000F5BACE /* ViPayTests.xctest */,
				DD40FE4A210E4E0000F5BACE /* ViPayUITests.xctest */,
			);
			name = Products;
			sourceTree = "<group>";
		};
		DD40FE2A210E4DFF00F5BACE /* ViPay */ = {
			isa = PBXGroup;
			children = (
				DD40FE2B210E4DFF00F5BACE /* AppDelegate.swift */,
				DDA9AA1221136019002F895D /* Extensions.swift */,
				DDE544CB210E56D700A27615 /* CustomTabBarController.swift */,
				DD5C016E21291C710037B601 /* Home */,
				DDC9323E21290B380091EE96 /* Shopping */,
				DDC9323F21290B830091EE96 /* Food */,
				DD0F8FEB210E64AB0044E5EC /* MyCartCollectionViewController.swift */,
				DDC9324021290DF40091EE96 /* Me */,
				DDC9323D21290B210091EE96 /* Chats */,
				DD2004402115DEC800DB542C /* LikesProfileContainerView.swift */,
				DD8CBA33212F644900F2B0A9 /* QRCodeBeepSound.mp3 */,
				DD2004422115DFBD00DB542C /* LikesProfileCollectionViewCell.swift */,
				DDE544B3210E522D00A27615 /* CustomAlertsView.swift */,
				DDE544C7210E52D000A27615 /* DeviceUtils.swift */,
				DDE544B5210E523A00A27615 /* FontNames.swift */,
				DDE544BB210E525A00A27615 /* Colors.swift */,
				DDE544BD210E526200A27615 /* RGB.swift */,
				DDE544B7210E524200A27615 /* Alerts.swift */,
				DDE544B9210E524B00A27615 /* DarkOverLay.swift */,
				DDE544C3210E52AC00A27615 /* DateHelper.swift */,
				DD8CBA35212F65A600F2B0A9 /* MyConstraints.swift */,
				DD40FE2D210E4DFF00F5BACE /* ViewController.swift */,
				DDE544C1210E528D00A27615 /* QRCodeBeepSound.mp3 */,
				DD0F8FF5210E6BC60044E5EC /* BaseUIView.swift */,
				DDA1DDD72110B95F004324B3 /* BaseImageView.swift */,
				DD8CBA2B212F4E8600F2B0A9 /* Network.swift */,
				DD7A4A6C212B18BA0081E75C /* ScanQRCode */,
				DDA1DDDB2110CA73004324B3 /* BaseLabel.swift */,
				DDE544A8210E500700A27615 /* Fonts */,
				DD40FE35210E4E0000F5BACE /* Assets.xcassets */,
				DD40FE37210E4E0000F5BACE /* LaunchScreen.storyboard */,
				DD40FE3A210E4E0000F5BACE /* Info.plist */,
				DD40FE32210E4DFF00F5BACE /* ViPay.xcdatamodeld */,
			);
			path = ViPay;
			sourceTree = "<group>";
		};
		DD40FE42210E4E0000F5BACE /* ViPayTests */ = {
			isa = PBXGroup;
			children = (
				DD40FE43210E4E0000F5BACE /* ViPayTests.swift */,
				DD40FE45210E4E0000F5BACE /* Info.plist */,
			);
			path = ViPayTests;
			sourceTree = "<group>";
		};
		DD40FE4D210E4E0000F5BACE /* ViPayUITests */ = {
			isa = PBXGroup;
			children = (
				DD40FE4E210E4E0000F5BACE /* ViPayUITests.swift */,
				DD40FE50210E4E0000F5BACE /* Info.plist */,
			);
			path = ViPayUITests;
			sourceTree = "<group>";
		};
		DD5C016E21291C710037B601 /* Home */ = {
			isa = PBXGroup;
			children = (
				DD0F8FF3210E6B360044E5EC /* HomeViewController.swift */,
				DDA9AA1421136A88002F895D /* HomeCollectionViewCell.swift */,
				DDA1DDD92110BC8E004324B3 /* HomeHeaderCollectionReusableView.swift */,
				DD2004442115EC8500DB542C /* MyPostsCollectionViewController.swift */,
				DD2004462115EEEA00DB542C /* MyPostsCollectionReusableView.swift */,
				DDA9AA16211371FC002F895D /* MyQRCodeViewController.swift */,
			);
			path = Home;
			sourceTree = "<group>";
		};
		DD7A4A6C212B18BA0081E75C /* ScanQRCode */ = {
			isa = PBXGroup;
			children = (
				DDC9322E212901020091EE96 /* LBXPermissions.swift */,
				DDC9322D212901020091EE96 /* LBXScanLineAnimation.swift */,
				DDC93233212901030091EE96 /* LBXScanNetAnimation.swift */,
				DDC93230212901020091EE96 /* LBXScanView.swift */,
				DDC93231212901020091EE96 /* LBXScanViewController.swift */,
				DDC9322F212901020091EE96 /* LBXScanViewStyle.swift */,
				DDC93232212901030091EE96 /* LBXScanWrapper.swift */,
				DDC9322B212900F30091EE96 /* CodeScan.bundle */,
			);
			path = ScanQRCode;
			sourceTree = "<group>";
		};
		DDC9323D21290B210091EE96 /* Chats */ = {
			isa = PBXGroup;
			children = (
				DD0F8FE7210E5C7E0044E5EC /* ChatsTableViewController.swift */,
				DD0F8FE8210E5C7E0044E5EC /* ChatsTableViewCell.swift */,
				DD9D16BB2120A3DF0077DE47 /* ChatLogsCollectionViewController.swift */,
				DD9D16BD2120A4270077DE47 /* ChatLogsCollectionViewCell.swift */,
			);
			path = Chats;
			sourceTree = "<group>";
		};
		DDC9323E21290B380091EE96 /* Shopping */ = {
			isa = PBXGroup;
			children = (
				DD9D16BF2120AB710077DE47 /* ShoppingViewController.swift */,
				DD9D16C12120B2870077DE47 /* ShoppingHeaderCollectionReusableView.swift */,
				DD9D16C32120B3820077DE47 /* ShoppingCollectionViewCell.swift */,
				DDCE37BC2121D6D9007ECF56 /* IndicatorCellCollectionViewCell.swift */,
				DDCE37B62121D592007ECF56 /* MarketingPreviewContainerView.swift */,
				DDCE37B82121D5B9007ECF56 /* MarketIndicatorContainerView.swift */,
				DDCE37BA2121D5F7007ECF56 /* MarketPreviewCollectionViewCell.swift */,
			);
			path = Shopping;
			sourceTree = "<group>";
		};
		DDC9323F21290B830091EE96 /* Food */ = {
			isa = PBXGroup;
			children = (
				DDC9323B21290A000091EE96 /* FoodViewController.swift */,
				DD5C016F21291E120037B601 /* FoodCollectionViewCell.swift */,
				DD5C017121291E390037B601 /* FoodCollectionReusableView.swift */,
				DD5C01732129263D0037B601 /* FoodKindDetailsCollectionViewController.swift */,
				DDCF47E5212E32E000F0D5B9 /* FoodDetailsCollectionReusableView.swift */,
				DD5C01742129263D0037B601 /* FoodKindDetailsCollectionViewCell.swift */,
				DD8CBA2D212F53E100F2B0A9 /* RecentFoodItemsContainerView.swift */,
				DD8CBA2F212F580500F2B0A9 /* ConfirmOrderViewController.swift */,
				DD8CBA31212F5EB900F2B0A9 /* ConfirmOrderCollectionReusableView.swift */,
				DD5C017721292A710037B601 /* Food.swift */,
			);
			path = Food;
			sourceTree = "<group>";
		};
		DDC9324021290DF40091EE96 /* Me */ = {
			isa = PBXGroup;
			children = (
				DD0F8FEE210E65A30044E5EC /* MoreItemsTableViewController.swift */,
				DD0F8FED210E65A30044E5EC /* MoreItemsTableViewCell.swift */,
				DD0F8FF1210E65C10044E5EC /* ProfileHeaderView.swift */,
			);
			path = Me;
			sourceTree = "<group>";
		};
		DDE544A8210E500700A27615 /* Fonts */ = {
			isa = PBXGroup;
			children = (
				DDE5449E210E4FFC00A27615 /* OpenSans-Bold.ttf */,
				DDE544A7210E4FFE00A27615 /* OpenSans-BoldItalic.ttf */,
				DDE544A6210E4FFE00A27615 /* OpenSans-ExtraBold.ttf */,
				DDE5449F210E4FFD00A27615 /* OpenSans-ExtraBoldItalic.ttf */,
				DDE544A0210E4FFD00A27615 /* OpenSans-Italic.ttf */,
				DDE544A3210E4FFD00A27615 /* OpenSans-Light.ttf */,
				DDE544A1210E4FFD00A27615 /* OpenSans-LightItalic.ttf */,
				DDE544A4210E4FFE00A27615 /* OpenSans-Regular.ttf */,
				DDE544A2210E4FFD00A27615 /* OpenSans-SemiBold.ttf */,
				DDE544A5210E4FFE00A27615 /* OpenSans-SemiBoldItalic.ttf */,
			);
			path = Fonts;
			sourceTree = "<group>";
		};
/* End PBXGroup section */

/* Begin PBXNativeTarget section */
		DD40FE27210E4DFF00F5BACE /* ViPay */ = {
			isa = PBXNativeTarget;
			buildConfigurationList = DD40FE53210E4E0000F5BACE /* Build configuration list for PBXNativeTarget "ViPay" */;
			buildPhases = (
				8C1DF560D49C93870A3B4772 /* [CP] Check Pods Manifest.lock */,
				DD40FE24210E4DFF00F5BACE /* Sources */,
				DD40FE25210E4DFF00F5BACE /* Frameworks */,
				DD40FE26210E4DFF00F5BACE /* Resources */,
				DF057B4E93BCE490F1B66657 /* [CP] Embed Pods Frameworks */,
			);
			buildRules = (
			);
			dependencies = (
			);
			name = ViPay;
			productName = ViPay;
			productReference = DD40FE28210E4DFF00F5BACE /* ViPay.app */;
			productType = "com.apple.product-type.application";
		};
		DD40FE3E210E4E0000F5BACE /* ViPayTests */ = {
			isa = PBXNativeTarget;
			buildConfigurationList = DD40FE56210E4E0000F5BACE /* Build configuration list for PBXNativeTarget "ViPayTests" */;
			buildPhases = (
				972033904E9ECB53AC62C5B2 /* [CP] Check Pods Manifest.lock */,
				DD40FE3B210E4E0000F5BACE /* Sources */,
				DD40FE3C210E4E0000F5BACE /* Frameworks */,
				DD40FE3D210E4E0000F5BACE /* Resources */,
			);
			buildRules = (
			);
			dependencies = (
				DD40FE41210E4E0000F5BACE /* PBXTargetDependency */,
			);
			name = ViPayTests;
			productName = ViPayTests;
			productReference = DD40FE3F210E4E0000F5BACE /* ViPayTests.xctest */;
			productType = "com.apple.product-type.bundle.unit-test";
		};
		DD40FE49210E4E0000F5BACE /* ViPayUITests */ = {
			isa = PBXNativeTarget;
			buildConfigurationList = DD40FE59210E4E0000F5BACE /* Build configuration list for PBXNativeTarget "ViPayUITests" */;
			buildPhases = (
				98B48880FCC567A7A3E8A5C2 /* [CP] Check Pods Manifest.lock */,
				DD40FE46210E4E0000F5BACE /* Sources */,
				DD40FE47210E4E0000F5BACE /* Frameworks */,
				DD40FE48210E4E0000F5BACE /* Resources */,
			);
			buildRules = (
			);
			dependencies = (
				DD40FE4C210E4E0000F5BACE /* PBXTargetDependency */,
			);
			name = ViPayUITests;
			productName = ViPayUITests;
			productReference = DD40FE4A210E4E0000F5BACE /* ViPayUITests.xctest */;
			productType = "com.apple.product-type.bundle.ui-testing";
		};
/* End PBXNativeTarget section */

/* Begin PBXProject section */
		DD40FE20210E4DFF00F5BACE /* Project object */ = {
			isa = PBXProject;
			attributes = {
				LastSwiftUpdateCheck = 0940;
				LastUpgradeCheck = 0940;
				ORGANIZATIONNAME = RockzAppStudio;
				TargetAttributes = {
					DD40FE27210E4DFF00F5BACE = {
						CreatedOnToolsVersion = 9.4.1;
					};
					DD40FE3E210E4E0000F5BACE = {
						CreatedOnToolsVersion = 9.4.1;
						TestTargetID = DD40FE27210E4DFF00F5BACE;
					};
					DD40FE49210E4E0000F5BACE = {
						CreatedOnToolsVersion = 9.4.1;
						TestTargetID = DD40FE27210E4DFF00F5BACE;
					};
				};
			};
			buildConfigurationList = DD40FE23210E4DFF00F5BACE /* Build configuration list for PBXProject "ViPay" */;
			compatibilityVersion = "Xcode 9.3";
			developmentRegion = en;
			hasScannedForEncodings = 0;
			knownRegions = (
				en,
				Base,
			);
			mainGroup = DD40FE1F210E4DFF00F5BACE;
			productRefGroup = DD40FE29210E4DFF00F5BACE /* Products */;
			projectDirPath = "";
			projectRoot = "";
			targets = (
				DD40FE27210E4DFF00F5BACE /* ViPay */,
				DD40FE3E210E4E0000F5BACE /* ViPayTests */,
				DD40FE49210E4E0000F5BACE /* ViPayUITests */,
			);
		};
/* End PBXProject section */

/* Begin PBXResourcesBuildPhase section */
		DD40FE26210E4DFF00F5BACE /* Resources */ = {
			isa = PBXResourcesBuildPhase;
			buildActionMask = 2147483647;
			files = (
				DDE544C2210E528E00A27615 /* QRCodeBeepSound.mp3 in Resources */,
				DD40FE39210E4E0000F5BACE /* LaunchScreen.storyboard in Resources */,
				DDE544B0210E506E00A27615 /* OpenSans-Regular.ttf in Resources */,
				DDE544AD210E506400A27615 /* OpenSans-Italic.ttf in Resources */,
				DDE544B2210E507500A27615 /* OpenSans-SemiBoldItalic.ttf in Resources */,
				DDC9322C212900F30091EE96 /* CodeScan.bundle in Resources */,
				DDE544AC210E506200A27615 /* OpenSans-ExtraBoldItalic.ttf in Resources */,
				DDE544B1210E507100A27615 /* OpenSans-SemiBold.ttf in Resources */,
				DD40FE36210E4E0000F5BACE /* Assets.xcassets in Resources */,
				DD8CBA34212F644900F2B0A9 /* QRCodeBeepSound.mp3 in Resources */,
				DDE544AF210E506B00A27615 /* OpenSans-LightItalic.ttf in Resources */,
				DDE544A9210E505900A27615 /* OpenSans-Bold.ttf in Resources */,
				DDE544AE210E506800A27615 /* OpenSans-Light.ttf in Resources */,
				DDE544AA210E505C00A27615 /* OpenSans-BoldItalic.ttf in Resources */,
				DDE544AB210E505F00A27615 /* OpenSans-ExtraBold.ttf in Resources */,
			);
			runOnlyForDeploymentPostprocessing = 0;
		};
		DD40FE3D210E4E0000F5BACE /* Resources */ = {
			isa = PBXResourcesBuildPhase;
			buildActionMask = 2147483647;
			files = (
			);
			runOnlyForDeploymentPostprocessing = 0;
		};
		DD40FE48210E4E0000F5BACE /* Resources */ = {
			isa = PBXResourcesBuildPhase;
			buildActionMask = 2147483647;
			files = (
			);
			runOnlyForDeploymentPostprocessing = 0;
		};
/* End PBXResourcesBuildPhase section */

/* Begin PBXShellScriptBuildPhase section */
		8C1DF560D49C93870A3B4772 /* [CP] Check Pods Manifest.lock */ = {
			isa = PBXShellScriptBuildPhase;
			buildActionMask = 2147483647;
			files = (
			);
			inputPaths = (
				"${PODS_PODFILE_DIR_PATH}/Podfile.lock",
				"${PODS_ROOT}/Manifest.lock",
			);
			name = "[CP] Check Pods Manifest.lock";
			outputPaths = (
				"$(DERIVED_FILE_DIR)/Pods-ViPay-checkManifestLockResult.txt",
			);
			runOnlyForDeploymentPostprocessing = 0;
			shellPath = /bin/sh;
			shellScript = "diff \"${PODS_PODFILE_DIR_PATH}/Podfile.lock\" \"${PODS_ROOT}/Manifest.lock\" > /dev/null\nif [ $? != 0 ] ; then\n    # print error to STDERR\n    echo \"error: The sandbox is not in sync with the Podfile.lock. Run 'pod install' or update your CocoaPods installation.\" >&2\n    exit 1\nfi\n# This output is used by Xcode 'outputs' to avoid re-running this script phase.\necho \"SUCCESS\" > \"${SCRIPT_OUTPUT_FILE_0}\"\n";
			showEnvVarsInLog = 0;
		};
		972033904E9ECB53AC62C5B2 /* [CP] Check Pods Manifest.lock */ = {
			isa = PBXShellScriptBuildPhase;
			buildActionMask = 2147483647;
			files = (
			);
			inputPaths = (
				"${PODS_PODFILE_DIR_PATH}/Podfile.lock",
				"${PODS_ROOT}/Manifest.lock",
			);
			name = "[CP] Check Pods Manifest.lock";
			outputPaths = (
				"$(DERIVED_FILE_DIR)/Pods-ViPayTests-checkManifestLockResult.txt",
			);
			runOnlyForDeploymentPostprocessing = 0;
			shellPath = /bin/sh;
			shellScript = "diff \"${PODS_PODFILE_DIR_PATH}/Podfile.lock\" \"${PODS_ROOT}/Manifest.lock\" > /dev/null\nif [ $? != 0 ] ; then\n    # print error to STDERR\n    echo \"error: The sandbox is not in sync with the Podfile.lock. Run 'pod install' or update your CocoaPods installation.\" >&2\n    exit 1\nfi\n# This output is used by Xcode 'outputs' to avoid re-running this script phase.\necho \"SUCCESS\" > \"${SCRIPT_OUTPUT_FILE_0}\"\n";
			showEnvVarsInLog = 0;
		};
		98B48880FCC567A7A3E8A5C2 /* [CP] Check Pods Manifest.lock */ = {
			isa = PBXShellScriptBuildPhase;
			buildActionMask = 2147483647;
			files = (
			);
			inputPaths = (
				"${PODS_PODFILE_DIR_PATH}/Podfile.lock",
				"${PODS_ROOT}/Manifest.lock",
			);
			name = "[CP] Check Pods Manifest.lock";
			outputPaths = (
				"$(DERIVED_FILE_DIR)/Pods-ViPayUITests-checkManifestLockResult.txt",
			);
			runOnlyForDeploymentPostprocessing = 0;
			shellPath = /bin/sh;
			shellScript = "diff \"${PODS_PODFILE_DIR_PATH}/Podfile.lock\" \"${PODS_ROOT}/Manifest.lock\" > /dev/null\nif [ $? != 0 ] ; then\n    # print error to STDERR\n    echo \"error: The sandbox is not in sync with the Podfile.lock. Run 'pod install' or update your CocoaPods installation.\" >&2\n    exit 1\nfi\n# This output is used by Xcode 'outputs' to avoid re-running this script phase.\necho \"SUCCESS\" > \"${SCRIPT_OUTPUT_FILE_0}\"\n";
			showEnvVarsInLog = 0;
		};
		DF057B4E93BCE490F1B66657 /* [CP] Embed Pods Frameworks */ = {
			isa = PBXShellScriptBuildPhase;
			buildActionMask = 2147483647;
			files = (
			);
			inputPaths = (
				"${SRCROOT}/Pods/Target Support Files/Pods-ViPay/Pods-ViPay-frameworks.sh",
				"${BUILT_PRODUCTS_DIR}/Alamofire/Alamofire.framework",
				"${BUILT_PRODUCTS_DIR}/Bolts/Bolts.framework",
				"${BUILT_PRODUCTS_DIR}/Kingfisher/Kingfisher.framework",
				"${BUILT_PRODUCTS_DIR}/MJRefresh/MJRefresh.framework",
				"${BUILT_PRODUCTS_DIR}/MarqueeLabel/MarqueeLabel.framework",
				"${BUILT_PRODUCTS_DIR}/Parse/Parse.framework",
				"${BUILT_PRODUCTS_DIR}/SVProgressHUD/SVProgressHUD.framework",
				"${BUILT_PRODUCTS_DIR}/SwiftyJSON/SwiftyJSON.framework",
			);
			name = "[CP] Embed Pods Frameworks";
			outputPaths = (
				"${TARGET_BUILD_DIR}/${FRAMEWORKS_FOLDER_PATH}/Alamofire.framework",
				"${TARGET_BUILD_DIR}/${FRAMEWORKS_FOLDER_PATH}/Bolts.framework",
				"${TARGET_BUILD_DIR}/${FRAMEWORKS_FOLDER_PATH}/Kingfisher.framework",
				"${TARGET_BUILD_DIR}/${FRAMEWORKS_FOLDER_PATH}/MJRefresh.framework",
				"${TARGET_BUILD_DIR}/${FRAMEWORKS_FOLDER_PATH}/MarqueeLabel.framework",
				"${TARGET_BUILD_DIR}/${FRAMEWORKS_FOLDER_PATH}/Parse.framework",
				"${TARGET_BUILD_DIR}/${FRAMEWORKS_FOLDER_PATH}/SVProgressHUD.framework",
				"${TARGET_BUILD_DIR}/${FRAMEWORKS_FOLDER_PATH}/SwiftyJSON.framework",
			);
			runOnlyForDeploymentPostprocessing = 0;
			shellPath = /bin/sh;
			shellScript = "\"${SRCROOT}/Pods/Target Support Files/Pods-ViPay/Pods-ViPay-frameworks.sh\"\n";
			showEnvVarsInLog = 0;
		};
/* End PBXShellScriptBuildPhase section */

/* Begin PBXSourcesBuildPhase section */
		DD40FE24210E4DFF00F5BACE /* Sources */ = {
			isa = PBXSourcesBuildPhase;
			buildActionMask = 2147483647;
			files = (
				DDE544CA210E52D000A27615 /* DeviceUtils.swift in Sources */,
				DDE544BA210E524B00A27615 /* DarkOverLay.swift in Sources */,
				DDCE37B72121D592007ECF56 /* MarketingPreviewContainerView.swift in Sources */,
				DD8CBA2E212F53E100F2B0A9 /* RecentFoodItemsContainerView.swift in Sources */,
				DDC9323A212901030091EE96 /* LBXScanNetAnimation.swift in Sources */,
				DD0F8FF6210E6BC60044E5EC /* BaseUIView.swift in Sources */,
				DDA1DDDA2110BC8E004324B3 /* HomeHeaderCollectionReusableView.swift in Sources */,
				DDE544CC210E56D700A27615 /* CustomTabBarController.swift in Sources */,
				DD8CBA30212F580500F2B0A9 /* ConfirmOrderViewController.swift in Sources */,
				DDA9AA1521136A88002F895D /* HomeCollectionViewCell.swift in Sources */,
				DD9D16C02120AB710077DE47 /* ShoppingViewController.swift in Sources */,
				DD5C017821292A710037B601 /* Food.swift in Sources */,
				DDE544BC210E525B00A27615 /* Colors.swift in Sources */,
				DDC9323C21290A000091EE96 /* FoodViewController.swift in Sources */,
				DDE544B6210E523A00A27615 /* FontNames.swift in Sources */,
				DD0F8FF4210E6B360044E5EC /* HomeViewController.swift in Sources */,
				DD40FE34210E4DFF00F5BACE /* ViPay.xcdatamodeld in Sources */,
				DDC93235212901030091EE96 /* LBXPermissions.swift in Sources */,
				DD0F8FF2210E65C10044E5EC /* ProfileHeaderView.swift in Sources */,
				DDC93236212901030091EE96 /* LBXScanViewStyle.swift in Sources */,
				DD9D16BE2120A4270077DE47 /* ChatLogsCollectionViewCell.swift in Sources */,
				DD40FE2E210E4DFF00F5BACE /* ViewController.swift in Sources */,
				DDC93237212901030091EE96 /* LBXScanView.swift in Sources */,
				DD0F8FE9210E5C7E0044E5EC /* ChatsTableViewController.swift in Sources */,
				DD9D16C42120B3820077DE47 /* ShoppingCollectionViewCell.swift in Sources */,
				DD5C017021291E120037B601 /* FoodCollectionViewCell.swift in Sources */,
				DD0F8FEA210E5C7E0044E5EC /* ChatsTableViewCell.swift in Sources */,
				DD2004472115EEEA00DB542C /* MyPostsCollectionReusableView.swift in Sources */,
				DD2004432115DFBD00DB542C /* LikesProfileCollectionViewCell.swift in Sources */,
				DDA9AA17211371FC002F895D /* MyQRCodeViewController.swift in Sources */,
				DD2004412115DEC800DB542C /* LikesProfileContainerView.swift in Sources */,
				DDA1DDDC2110CA73004324B3 /* BaseLabel.swift in Sources */,
				DD8CBA36212F65A600F2B0A9 /* MyConstraints.swift in Sources */,
				DDE544C4210E52AC00A27615 /* DateHelper.swift in Sources */,
				DDE544B4210E522D00A27615 /* CustomAlertsView.swift in Sources */,
				DD0F8FF0210E65A30044E5EC /* MoreItemsTableViewController.swift in Sources */,
				DD2004452115EC8500DB542C /* MyPostsCollectionViewController.swift in Sources */,
				DD8CBA32212F5EB900F2B0A9 /* ConfirmOrderCollectionReusableView.swift in Sources */,
				DDCE37BD2121D6D9007ECF56 /* IndicatorCellCollectionViewCell.swift in Sources */,
				DD9D16BC2120A3DF0077DE47 /* ChatLogsCollectionViewController.swift in Sources */,
				DD0F8FEF210E65A30044E5EC /* MoreItemsTableViewCell.swift in Sources */,
				DDE544BE210E526200A27615 /* RGB.swift in Sources */,
				DDC93238212901030091EE96 /* LBXScanViewController.swift in Sources */,
				DDA9AA1321136019002F895D /* Extensions.swift in Sources */,
				DDCE37B92121D5B9007ECF56 /* MarketIndicatorContainerView.swift in Sources */,
				DDE544B8210E524200A27615 /* Alerts.swift in Sources */,
				DDA1DDD82110B95F004324B3 /* BaseImageView.swift in Sources */,
				DD5C017221291E390037B601 /* FoodCollectionReusableView.swift in Sources */,
				DD5C01752129263D0037B601 /* FoodKindDetailsCollectionViewController.swift in Sources */,
				DD0F8FEC210E64AB0044E5EC /* MyCartCollectionViewController.swift in Sources */,
				DDCF47E6212E32E000F0D5B9 /* FoodDetailsCollectionReusableView.swift in Sources */,
				DD9D16C22120B2870077DE47 /* ShoppingHeaderCollectionReusableView.swift in Sources */,
				DDC93234212901030091EE96 /* LBXScanLineAnimation.swift in Sources */,
				DDCE37BB2121D5F7007ECF56 /* MarketPreviewCollectionViewCell.swift in Sources */,
				DD8CBA2C212F4E8600F2B0A9 /* Network.swift in Sources */,
				DD40FE2C210E4DFF00F5BACE /* AppDelegate.swift in Sources */,
				DDC93239212901030091EE96 /* LBXScanWrapper.swift in Sources */,
				DD5C01762129263D0037B601 /* FoodKindDetailsCollectionViewCell.swift in Sources */,
			);
			runOnlyForDeploymentPostprocessing = 0;
		};
		DD40FE3B210E4E0000F5BACE /* Sources */ = {
			isa = PBXSourcesBuildPhase;
			buildActionMask = 2147483647;
			files = (
				DD40FE44210E4E0000F5BACE /* ViPayTests.swift in Sources */,
			);
			runOnlyForDeploymentPostprocessing = 0;
		};
		DD40FE46210E4E0000F5BACE /* Sources */ = {
			isa = PBXSourcesBuildPhase;
			buildActionMask = 2147483647;
			files = (
				DD40FE4F210E4E0000F5BACE /* ViPayUITests.swift in Sources */,
			);
			runOnlyForDeploymentPostprocessing = 0;
		};
/* End PBXSourcesBuildPhase section */

/* Begin PBXTargetDependency section */
		DD40FE41210E4E0000F5BACE /* PBXTargetDependency */ = {
			isa = PBXTargetDependency;
			target = DD40FE27210E4DFF00F5BACE /* ViPay */;
			targetProxy = DD40FE40210E4E0000F5BACE /* PBXContainerItemProxy */;
		};
		DD40FE4C210E4E0000F5BACE /* PBXTargetDependency */ = {
			isa = PBXTargetDependency;
			target = DD40FE27210E4DFF00F5BACE /* ViPay */;
			targetProxy = DD40FE4B210E4E0000F5BACE /* PBXContainerItemProxy */;
		};
/* End PBXTargetDependency section */

/* Begin PBXVariantGroup section */
		DD40FE37210E4E0000F5BACE /* LaunchScreen.storyboard */ = {
			isa = PBXVariantGroup;
			children = (
				DD40FE38210E4E0000F5BACE /* Base */,
			);
			name = LaunchScreen.storyboard;
			sourceTree = "<group>";
		};
/* End PBXVariantGroup section */

/* Begin XCBuildConfiguration section */
		DD40FE51210E4E0000F5BACE /* Debug */ = {
			isa = XCBuildConfiguration;
			buildSettings = {
				ALWAYS_SEARCH_USER_PATHS = NO;
				CLANG_ANALYZER_NONNULL = YES;
				CLANG_ANALYZER_NUMBER_OBJECT_CONVERSION = YES_AGGRESSIVE;
				CLANG_CXX_LANGUAGE_STANDARD = "gnu++14";
				CLANG_CXX_LIBRARY = "libc++";
				CLANG_ENABLE_MODULES = YES;
				CLANG_ENABLE_OBJC_ARC = YES;
				CLANG_ENABLE_OBJC_WEAK = YES;
				CLANG_WARN_BLOCK_CAPTURE_AUTORELEASING = YES;
				CLANG_WARN_BOOL_CONVERSION = YES;
				CLANG_WARN_COMMA = YES;
				CLANG_WARN_CONSTANT_CONVERSION = YES;
				CLANG_WARN_DEPRECATED_OBJC_IMPLEMENTATIONS = YES;
				CLANG_WARN_DIRECT_OBJC_ISA_USAGE = YES_ERROR;
				CLANG_WARN_DOCUMENTATION_COMMENTS = YES;
				CLANG_WARN_EMPTY_BODY = YES;
				CLANG_WARN_ENUM_CONVERSION = YES;
				CLANG_WARN_INFINITE_RECURSION = YES;
				CLANG_WARN_INT_CONVERSION = YES;
				CLANG_WARN_NON_LITERAL_NULL_CONVERSION = YES;
				CLANG_WARN_OBJC_IMPLICIT_RETAIN_SELF = YES;
				CLANG_WARN_OBJC_LITERAL_CONVERSION = YES;
				CLANG_WARN_OBJC_ROOT_CLASS = YES_ERROR;
				CLANG_WARN_RANGE_LOOP_ANALYSIS = YES;
				CLANG_WARN_STRICT_PROTOTYPES = YES;
				CLANG_WARN_SUSPICIOUS_MOVE = YES;
				CLANG_WARN_UNGUARDED_AVAILABILITY = YES_AGGRESSIVE;
				CLANG_WARN_UNREACHABLE_CODE = YES;
				CLANG_WARN__DUPLICATE_METHOD_MATCH = YES;
				CODE_SIGN_IDENTITY = "iPhone Developer";
				COPY_PHASE_STRIP = NO;
				DEBUG_INFORMATION_FORMAT = dwarf;
				ENABLE_STRICT_OBJC_MSGSEND = YES;
				ENABLE_TESTABILITY = YES;
				GCC_C_LANGUAGE_STANDARD = gnu11;
				GCC_DYNAMIC_NO_PIC = NO;
				GCC_NO_COMMON_BLOCKS = YES;
				GCC_OPTIMIZATION_LEVEL = 0;
				GCC_PREPROCESSOR_DEFINITIONS = (
					"DEBUG=1",
					"$(inherited)",
				);
				GCC_WARN_64_TO_32_BIT_CONVERSION = YES;
				GCC_WARN_ABOUT_RETURN_TYPE = YES_ERROR;
				GCC_WARN_UNDECLARED_SELECTOR = YES;
				GCC_WARN_UNINITIALIZED_AUTOS = YES_AGGRESSIVE;
				GCC_WARN_UNUSED_FUNCTION = YES;
				GCC_WARN_UNUSED_VARIABLE = YES;
				IPHONEOS_DEPLOYMENT_TARGET = 11.4;
				MTL_ENABLE_DEBUG_INFO = YES;
				ONLY_ACTIVE_ARCH = YES;
				SDKROOT = iphoneos;
				SWIFT_ACTIVE_COMPILATION_CONDITIONS = DEBUG;
				SWIFT_OPTIMIZATION_LEVEL = "-Onone";
			};
			name = Debug;
		};
		DD40FE52210E4E0000F5BACE /* Release */ = {
			isa = XCBuildConfiguration;
			buildSettings = {
				ALWAYS_SEARCH_USER_PATHS = NO;
				CLANG_ANALYZER_NONNULL = YES;
				CLANG_ANALYZER_NUMBER_OBJECT_CONVERSION = YES_AGGRESSIVE;
				CLANG_CXX_LANGUAGE_STANDARD = "gnu++14";
				CLANG_CXX_LIBRARY = "libc++";
				CLANG_ENABLE_MODULES = YES;
				CLANG_ENABLE_OBJC_ARC = YES;
				CLANG_ENABLE_OBJC_WEAK = YES;
				CLANG_WARN_BLOCK_CAPTURE_AUTORELEASING = YES;
				CLANG_WARN_BOOL_CONVERSION = YES;
				CLANG_WARN_COMMA = YES;
				CLANG_WARN_CONSTANT_CONVERSION = YES;
				CLANG_WARN_DEPRECATED_OBJC_IMPLEMENTATIONS = YES;
				CLANG_WARN_DIRECT_OBJC_ISA_USAGE = YES_ERROR;
				CLANG_WARN_DOCUMENTATION_COMMENTS = YES;
				CLANG_WARN_EMPTY_BODY = YES;
				CLANG_WARN_ENUM_CONVERSION = YES;
				CLANG_WARN_INFINITE_RECURSION = YES;
				CLANG_WARN_INT_CONVERSION = YES;
				CLANG_WARN_NON_LITERAL_NULL_CONVERSION = YES;
				CLANG_WARN_OBJC_IMPLICIT_RETAIN_SELF = YES;
				CLANG_WARN_OBJC_LITERAL_CONVERSION = YES;
				CLANG_WARN_OBJC_ROOT_CLASS = YES_ERROR;
				CLANG_WARN_RANGE_LOOP_ANALYSIS = YES;
				CLANG_WARN_STRICT_PROTOTYPES = YES;
				CLANG_WARN_SUSPICIOUS_MOVE = YES;
				CLANG_WARN_UNGUARDED_AVAILABILITY = YES_AGGRESSIVE;
				CLANG_WARN_UNREACHABLE_CODE = YES;
				CLANG_WARN__DUPLICATE_METHOD_MATCH = YES;
				CODE_SIGN_IDENTITY = "iPhone Developer";
				COPY_PHASE_STRIP = NO;
				DEBUG_INFORMATION_FORMAT = "dwarf-with-dsym";
				ENABLE_NS_ASSERTIONS = NO;
				ENABLE_STRICT_OBJC_MSGSEND = YES;
				GCC_C_LANGUAGE_STANDARD = gnu11;
				GCC_NO_COMMON_BLOCKS = YES;
				GCC_WARN_64_TO_32_BIT_CONVERSION = YES;
				GCC_WARN_ABOUT_RETURN_TYPE = YES_ERROR;
				GCC_WARN_UNDECLARED_SELECTOR = YES;
				GCC_WARN_UNINITIALIZED_AUTOS = YES_AGGRESSIVE;
				GCC_WARN_UNUSED_FUNCTION = YES;
				GCC_WARN_UNUSED_VARIABLE = YES;
				IPHONEOS_DEPLOYMENT_TARGET = 11.4;
				MTL_ENABLE_DEBUG_INFO = NO;
				SDKROOT = iphoneos;
				SWIFT_COMPILATION_MODE = wholemodule;
				SWIFT_OPTIMIZATION_LEVEL = "-O";
				VALIDATE_PRODUCT = YES;
			};
			name = Release;
		};
		DD40FE54210E4E0000F5BACE /* Debug */ = {
			isa = XCBuildConfiguration;
			baseConfigurationReference = 0F88E7CA2FFD3818B3E74AAC /* Pods-ViPay.debug.xcconfig */;
			buildSettings = {
				ASSETCATALOG_COMPILER_APPICON_NAME = AppIcon;
				CODE_SIGN_STYLE = Automatic;
				DEVELOPMENT_TEAM = 3V56TFD2QD;
				INFOPLIST_FILE = ViPay/Info.plist;
				IPHONEOS_DEPLOYMENT_TARGET = 10.0;
				LD_RUNPATH_SEARCH_PATHS = (
					"$(inherited)",
					"@executable_path/Frameworks",
				);
				PRODUCT_BUNDLE_IDENTIFIER = com.RockzAppStudio.ViPay;
				PRODUCT_NAME = "$(TARGET_NAME)";
				SWIFT_VERSION = 4.0;
				TARGETED_DEVICE_FAMILY = "1,2";
			};
			name = Debug;
		};
		DD40FE55210E4E0000F5BACE /* Release */ = {
			isa = XCBuildConfiguration;
			baseConfigurationReference = EED56CB7E1E501772984718D /* Pods-ViPay.release.xcconfig */;
			buildSettings = {
				ASSETCATALOG_COMPILER_APPICON_NAME = AppIcon;
				CODE_SIGN_STYLE = Automatic;
				DEVELOPMENT_TEAM = 3V56TFD2QD;
				INFOPLIST_FILE = ViPay/Info.plist;
				IPHONEOS_DEPLOYMENT_TARGET = 10.0;
				LD_RUNPATH_SEARCH_PATHS = (
					"$(inherited)",
					"@executable_path/Frameworks",
				);
				PRODUCT_BUNDLE_IDENTIFIER = com.RockzAppStudio.ViPay;
				PRODUCT_NAME = "$(TARGET_NAME)";
				SWIFT_VERSION = 4.0;
				TARGETED_DEVICE_FAMILY = "1,2";
			};
			name = Release;
		};
		DD40FE57210E4E0000F5BACE /* Debug */ = {
			isa = XCBuildConfiguration;
			baseConfigurationReference = 3245BBAB9DCB548964C910CD /* Pods-ViPayTests.debug.xcconfig */;
			buildSettings = {
				ALWAYS_EMBED_SWIFT_STANDARD_LIBRARIES = YES;
				BUNDLE_LOADER = "$(TEST_HOST)";
				CODE_SIGN_STYLE = Automatic;
				DEVELOPMENT_TEAM = 3V56TFD2QD;
				INFOPLIST_FILE = ViPayTests/Info.plist;
				LD_RUNPATH_SEARCH_PATHS = (
					"$(inherited)",
					"@executable_path/Frameworks",
					"@loader_path/Frameworks",
				);
				PRODUCT_BUNDLE_IDENTIFIER = com.RockzAppStudio.ViPayTests;
				PRODUCT_NAME = "$(TARGET_NAME)";
				SWIFT_VERSION = 4.0;
				TARGETED_DEVICE_FAMILY = "1,2";
				TEST_HOST = "$(BUILT_PRODUCTS_DIR)/ViPay.app/ViPay";
			};
			name = Debug;
		};
		DD40FE58210E4E0000F5BACE /* Release */ = {
			isa = XCBuildConfiguration;
			baseConfigurationReference = 73F08AB2598CF3F0786C3423 /* Pods-ViPayTests.release.xcconfig */;
			buildSettings = {
				ALWAYS_EMBED_SWIFT_STANDARD_LIBRARIES = YES;
				BUNDLE_LOADER = "$(TEST_HOST)";
				CODE_SIGN_STYLE = Automatic;
				DEVELOPMENT_TEAM = 3V56TFD2QD;
				INFOPLIST_FILE = ViPayTests/Info.plist;
				LD_RUNPATH_SEARCH_PATHS = (
					"$(inherited)",
					"@executable_path/Frameworks",
					"@loader_path/Frameworks",
				);
				PRODUCT_BUNDLE_IDENTIFIER = com.RockzAppStudio.ViPayTests;
				PRODUCT_NAME = "$(TARGET_NAME)";
				SWIFT_VERSION = 4.0;
				TARGETED_DEVICE_FAMILY = "1,2";
				TEST_HOST = "$(BUILT_PRODUCTS_DIR)/ViPay.app/ViPay";
			};
			name = Release;
		};
		DD40FE5A210E4E0000F5BACE /* Debug */ = {
			isa = XCBuildConfiguration;
			baseConfigurationReference = 95EAA8015181E7AC0AA48391 /* Pods-ViPayUITests.debug.xcconfig */;
			buildSettings = {
				ALWAYS_EMBED_SWIFT_STANDARD_LIBRARIES = YES;
				CODE_SIGN_STYLE = Automatic;
				DEVELOPMENT_TEAM = 3V56TFD2QD;
				INFOPLIST_FILE = ViPayUITests/Info.plist;
				LD_RUNPATH_SEARCH_PATHS = (
					"$(inherited)",
					"@executable_path/Frameworks",
					"@loader_path/Frameworks",
				);
				PRODUCT_BUNDLE_IDENTIFIER = com.RockzAppStudio.ViPayUITests;
				PRODUCT_NAME = "$(TARGET_NAME)";
				SWIFT_VERSION = 4.0;
				TARGETED_DEVICE_FAMILY = "1,2";
				TEST_TARGET_NAME = ViPay;
			};
			name = Debug;
		};
		DD40FE5B210E4E0000F5BACE /* Release */ = {
			isa = XCBuildConfiguration;
			baseConfigurationReference = 12F84CC195DD15907EF40581 /* Pods-ViPayUITests.release.xcconfig */;
			buildSettings = {
				ALWAYS_EMBED_SWIFT_STANDARD_LIBRARIES = YES;
				CODE_SIGN_STYLE = Automatic;
				DEVELOPMENT_TEAM = 3V56TFD2QD;
				INFOPLIST_FILE = ViPayUITests/Info.plist;
				LD_RUNPATH_SEARCH_PATHS = (
					"$(inherited)",
					"@executable_path/Frameworks",
					"@loader_path/Frameworks",
				);
				PRODUCT_BUNDLE_IDENTIFIER = com.RockzAppStudio.ViPayUITests;
				PRODUCT_NAME = "$(TARGET_NAME)";
				SWIFT_VERSION = 4.0;
				TARGETED_DEVICE_FAMILY = "1,2";
				TEST_TARGET_NAME = ViPay;
			};
			name = Release;
		};
/* End XCBuildConfiguration section */

/* Begin XCConfigurationList section */
		DD40FE23210E4DFF00F5BACE /* Build configuration list for PBXProject "ViPay" */ = {
			isa = XCConfigurationList;
			buildConfigurations = (
				DD40FE51210E4E0000F5BACE /* Debug */,
				DD40FE52210E4E0000F5BACE /* Release */,
			);
			defaultConfigurationIsVisible = 0;
			defaultConfigurationName = Release;
		};
		DD40FE53210E4E0000F5BACE /* Build configuration list for PBXNativeTarget "ViPay" */ = {
			isa = XCConfigurationList;
			buildConfigurations = (
				DD40FE54210E4E0000F5BACE /* Debug */,
				DD40FE55210E4E0000F5BACE /* Release */,
			);
			defaultConfigurationIsVisible = 0;
			defaultConfigurationName = Release;
		};
		DD40FE56210E4E0000F5BACE /* Build configuration list for PBXNativeTarget "ViPayTests" */ = {
			isa = XCConfigurationList;
			buildConfigurations = (
				DD40FE57210E4E0000F5BACE /* Debug */,
				DD40FE58210E4E0000F5BACE /* Release */,
			);
			defaultConfigurationIsVisible = 0;
			defaultConfigurationName = Release;
		};
		DD40FE59210E4E0000F5BACE /* Build configuration list for PBXNativeTarget "ViPayUITests" */ = {
			isa = XCConfigurationList;
			buildConfigurations = (
				DD40FE5A210E4E0000F5BACE /* Debug */,
				DD40FE5B210E4E0000F5BACE /* Release */,
			);
			defaultConfigurationIsVisible = 0;
			defaultConfigurationName = Release;
		};
/* End XCConfigurationList section */

/* Begin XCVersionGroup section */
		DD40FE32210E4DFF00F5BACE /* ViPay.xcdatamodeld */ = {
			isa = XCVersionGroup;
			children = (
				DD40FE33210E4DFF00F5BACE /* ViPay.xcdatamodel */,
			);
			currentVersion = DD40FE33210E4DFF00F5BACE /* ViPay.xcdatamodel */;
			path = ViPay.xcdatamodeld;
			sourceTree = "<group>";
			versionGroupType = wrapper.xcdatamodel;
		};
/* End XCVersionGroup section */
	};
	rootObject = DD40FE20210E4DFF00F5BACE /* Project object */;
}
